// !$*UTF8*$!
{
	archiveVersion = 1;
	classes = {
	};
	objectVersion = 50;
	objects = {

/* Begin PBXBuildFile section */
		39A2F879210879750031F208 /* InteractableEmitter.m in Sources */ = {isa = PBXBuildFile; fileRef = 39A2F878210879750031F208 /* InteractableEmitter.m */; };
		39A2F87C210894710031F208 /* InteractableClient.swift in Sources */ = {isa = PBXBuildFile; fileRef = 39A2F87B210894710031F208 /* InteractableClient.swift */; };
		39DC4D3720E2E16F00AC7C2E /* SaleMove.m in Sources */ = {isa = PBXBuildFile; fileRef = 39DC4D3620E2E16F00AC7C2E /* SaleMove.m */; };
/* End PBXBuildFile section */

/* Begin PBXCopyFilesBuildPhase section */
		39AD3BF120DBB5E80006A21B /* CopyFiles */ = {
			isa = PBXCopyFilesBuildPhase;
			buildActionMask = 2147483647;
			dstPath = "include/$(PRODUCT_NAME)";
			dstSubfolderSpec = 16;
			files = (
			);
			runOnlyForDeploymentPostprocessing = 0;
		};
/* End PBXCopyFilesBuildPhase section */

/* Begin PBXFileReference section */
		39A2F877210879750031F208 /* InteractableEmmiter.h */ = {isa = PBXFileReference; lastKnownFileType = sourcecode.c.h; path = InteractableEmmiter.h; sourceTree = "<group>"; };
		39A2F878210879750031F208 /* InteractableEmitter.m */ = {isa = PBXFileReference; lastKnownFileType = sourcecode.c.objc; path = InteractableEmitter.m; sourceTree = "<group>"; };
		39A2F87A210894710031F208 /* SaleMove-Bridging-Header.h */ = {isa = PBXFileReference; lastKnownFileType = sourcecode.c.h; path = "SaleMove-Bridging-Header.h"; sourceTree = "<group>"; };
		39A2F87B210894710031F208 /* InteractableClient.swift */ = {isa = PBXFileReference; lastKnownFileType = sourcecode.swift; path = InteractableClient.swift; sourceTree = "<group>"; };
		39AD3BF320DBB5E80006A21B /* libSaleMove.a */ = {isa = PBXFileReference; explicitFileType = archive.ar; includeInIndex = 0; path = libSaleMove.a; sourceTree = BUILT_PRODUCTS_DIR; };
		39DC4D3520E2E16F00AC7C2E /* SaleMove.h */ = {isa = PBXFileReference; lastKnownFileType = sourcecode.c.h; path = SaleMove.h; sourceTree = "<group>"; };
		39DC4D3620E2E16F00AC7C2E /* SaleMove.m */ = {isa = PBXFileReference; lastKnownFileType = sourcecode.c.objc; path = SaleMove.m; sourceTree = "<group>"; };
/* End PBXFileReference section */

/* Begin PBXFrameworksBuildPhase section */
		39AD3BF020DBB5E80006A21B /* Frameworks */ = {
			isa = PBXFrameworksBuildPhase;
			buildActionMask = 2147483647;
			files = (
			);
			runOnlyForDeploymentPostprocessing = 0;
		};
/* End PBXFrameworksBuildPhase section */

/* Begin PBXGroup section */
		39AD3BEA20DBB5E80006A21B = {
			isa = PBXGroup;
			children = (
				39AD3BF520DBB5E80006A21B /* SaleMove */,
				39AD3BF420DBB5E80006A21B /* Products */,
			);
			sourceTree = "<group>";
		};
		39AD3BF420DBB5E80006A21B /* Products */ = {
			isa = PBXGroup;
			children = (
				39AD3BF320DBB5E80006A21B /* libSaleMove.a */,
			);
			name = Products;
			sourceTree = "<group>";
		};
		39AD3BF520DBB5E80006A21B /* SaleMove */ = {
			isa = PBXGroup;
			children = (
				39A2F877210879750031F208 /* InteractableEmmiter.h */,
				39A2F878210879750031F208 /* InteractableEmitter.m */,
				39DC4D3520E2E16F00AC7C2E /* SaleMove.h */,
				39DC4D3620E2E16F00AC7C2E /* SaleMove.m */,
				39A2F87B210894710031F208 /* InteractableClient.swift */,
				39A2F87A210894710031F208 /* SaleMove-Bridging-Header.h */,
			);
			path = SaleMove;
			sourceTree = "<group>";
		};
/* End PBXGroup section */

/* Begin PBXNativeTarget section */
		39AD3BF220DBB5E80006A21B /* SaleMove */ = {
			isa = PBXNativeTarget;
			buildConfigurationList = 39AD3BFA20DBB5E80006A21B /* Build configuration list for PBXNativeTarget "SaleMove" */;
			buildPhases = (
				39AD3BEF20DBB5E80006A21B /* Sources */,
				39AD3BF020DBB5E80006A21B /* Frameworks */,
				39AD3BF120DBB5E80006A21B /* CopyFiles */,
			);
			buildRules = (
			);
			dependencies = (
			);
			name = SaleMove;
			productName = SaleMove;
			productReference = 39AD3BF320DBB5E80006A21B /* libSaleMove.a */;
			productType = "com.apple.product-type.library.static";
		};
/* End PBXNativeTarget section */

/* Begin PBXProject section */
		39AD3BEB20DBB5E80006A21B /* Project object */ = {
			isa = PBXProject;
			attributes = {
				LastSwiftUpdateCheck = 0940;
				LastUpgradeCheck = 0940;
				ORGANIZATIONNAME = Salemove;
				TargetAttributes = {
					39AD3BF220DBB5E80006A21B = {
						CreatedOnToolsVersion = 9.4;
						LastSwiftMigration = 0940;
					};
				};
			};
			buildConfigurationList = 39AD3BEE20DBB5E80006A21B /* Build configuration list for PBXProject "SaleMove" */;
			compatibilityVersion = "Xcode 9.3";
			developmentRegion = en;
			hasScannedForEncodings = 0;
			knownRegions = (
				en,
			);
			mainGroup = 39AD3BEA20DBB5E80006A21B;
			productRefGroup = 39AD3BF420DBB5E80006A21B /* Products */;
			projectDirPath = "";
			projectRoot = "";
			targets = (
				39AD3BF220DBB5E80006A21B /* SaleMove */,
			);
		};
/* End PBXProject section */

/* Begin PBXSourcesBuildPhase section */
		39AD3BEF20DBB5E80006A21B /* Sources */ = {
			isa = PBXSourcesBuildPhase;
			buildActionMask = 2147483647;
			files = (
				39A2F87C210894710031F208 /* InteractableClient.swift in Sources */,
				39A2F879210879750031F208 /* InteractableEmitter.m in Sources */,
				39DC4D3720E2E16F00AC7C2E /* SaleMove.m in Sources */,
			);
			runOnlyForDeploymentPostprocessing = 0;
		};
/* End PBXSourcesBuildPhase section */

/* Begin XCBuildConfiguration section */
		39AD3BF820DBB5E80006A21B /* Debug */ = {
			isa = XCBuildConfiguration;
			buildSettings = {
				ALWAYS_SEARCH_USER_PATHS = NO;
				CLANG_ANALYZER_NONNULL = YES;
				CLANG_ANALYZER_NUMBER_OBJECT_CONVERSION = YES_AGGRESSIVE;
				CLANG_CXX_LANGUAGE_STANDARD = "gnu++14";
				CLANG_CXX_LIBRARY = "libc++";
				CLANG_ENABLE_MODULES = YES;
				CLANG_ENABLE_OBJC_ARC = YES;
				CLANG_ENABLE_OBJC_WEAK = YES;
				CLANG_WARN_BLOCK_CAPTURE_AUTORELEASING = YES;
				CLANG_WARN_BOOL_CONVERSION = YES;
				CLANG_WARN_COMMA = YES;
				CLANG_WARN_CONSTANT_CONVERSION = YES;
				CLANG_WARN_DEPRECATED_OBJC_IMPLEMENTATIONS = YES;
				CLANG_WARN_DIRECT_OBJC_ISA_USAGE = YES_ERROR;
				CLANG_WARN_DOCUMENTATION_COMMENTS = YES;
				CLANG_WARN_EMPTY_BODY = YES;
				CLANG_WARN_ENUM_CONVERSION = YES;
				CLANG_WARN_INFINITE_RECURSION = YES;
				CLANG_WARN_INT_CONVERSION = YES;
				CLANG_WARN_NON_LITERAL_NULL_CONVERSION = YES;
				CLANG_WARN_OBJC_IMPLICIT_RETAIN_SELF = YES;
				CLANG_WARN_OBJC_LITERAL_CONVERSION = YES;
				CLANG_WARN_OBJC_ROOT_CLASS = YES_ERROR;
				CLANG_WARN_RANGE_LOOP_ANALYSIS = YES;
				CLANG_WARN_STRICT_PROTOTYPES = YES;
				CLANG_WARN_SUSPICIOUS_MOVE = YES;
				CLANG_WARN_UNGUARDED_AVAILABILITY = YES_AGGRESSIVE;
				CLANG_WARN_UNREACHABLE_CODE = YES;
				CLANG_WARN__DUPLICATE_METHOD_MATCH = YES;
				CODE_SIGN_IDENTITY = "iPhone Developer";
				COPY_PHASE_STRIP = NO;
				DEBUG_INFORMATION_FORMAT = dwarf;
				ENABLE_STRICT_OBJC_MSGSEND = YES;
				ENABLE_TESTABILITY = YES;
				GCC_C_LANGUAGE_STANDARD = gnu11;
				GCC_DYNAMIC_NO_PIC = NO;
				GCC_NO_COMMON_BLOCKS = YES;
				GCC_OPTIMIZATION_LEVEL = 0;
				GCC_PREPROCESSOR_DEFINITIONS = (
					"DEBUG=1",
					"$(inherited)",
				);
				GCC_WARN_64_TO_32_BIT_CONVERSION = YES;
				GCC_WARN_ABOUT_RETURN_TYPE = YES_ERROR;
				GCC_WARN_UNDECLARED_SELECTOR = YES;
				GCC_WARN_UNINITIALIZED_AUTOS = YES_AGGRESSIVE;
				GCC_WARN_UNUSED_FUNCTION = YES;
				GCC_WARN_UNUSED_VARIABLE = YES;
				IPHONEOS_DEPLOYMENT_TARGET = 10.0;
				MTL_ENABLE_DEBUG_INFO = YES;
				ONLY_ACTIVE_ARCH = YES;
				SDKROOT = iphoneos;
				SWIFT_ACTIVE_COMPILATION_CONDITIONS = DEBUG;
				SWIFT_OPTIMIZATION_LEVEL = "-Onone";
			};
			name = Debug;
		};
		39AD3BF920DBB5E80006A21B /* Release */ = {
			isa = XCBuildConfiguration;
			buildSettings = {
				ALWAYS_SEARCH_USER_PATHS = NO;
				CLANG_ANALYZER_NONNULL = YES;
				CLANG_ANALYZER_NUMBER_OBJECT_CONVERSION = YES_AGGRESSIVE;
				CLANG_CXX_LANGUAGE_STANDARD = "gnu++14";
				CLANG_CXX_LIBRARY = "libc++";
				CLANG_ENABLE_MODULES = YES;
				CLANG_ENABLE_OBJC_ARC = YES;
				CLANG_ENABLE_OBJC_WEAK = YES;
				CLANG_WARN_BLOCK_CAPTURE_AUTORELEASING = YES;
				CLANG_WARN_BOOL_CONVERSION = YES;
				CLANG_WARN_COMMA = YES;
				CLANG_WARN_CONSTANT_CONVERSION = YES;
				CLANG_WARN_DEPRECATED_OBJC_IMPLEMENTATIONS = YES;
				CLANG_WARN_DIRECT_OBJC_ISA_USAGE = YES_ERROR;
				CLANG_WARN_DOCUMENTATION_COMMENTS = YES;
				CLANG_WARN_EMPTY_BODY = YES;
				CLANG_WARN_ENUM_CONVERSION = YES;
				CLANG_WARN_INFINITE_RECURSION = YES;
				CLANG_WARN_INT_CONVERSION = YES;
				CLANG_WARN_NON_LITERAL_NULL_CONVERSION = YES;
				CLANG_WARN_OBJC_IMPLICIT_RETAIN_SELF = YES;
				CLANG_WARN_OBJC_LITERAL_CONVERSION = YES;
				CLANG_WARN_OBJC_ROOT_CLASS = YES_ERROR;
				CLANG_WARN_RANGE_LOOP_ANALYSIS = YES;
				CLANG_WARN_STRICT_PROTOTYPES = YES;
				CLANG_WARN_SUSPICIOUS_MOVE = YES;
				CLANG_WARN_UNGUARDED_AVAILABILITY = YES_AGGRESSIVE;
				CLANG_WARN_UNREACHABLE_CODE = YES;
				CLANG_WARN__DUPLICATE_METHOD_MATCH = YES;
				CODE_SIGN_IDENTITY = "iPhone Developer";
				COPY_PHASE_STRIP = NO;
				DEBUG_INFORMATION_FORMAT = "dwarf-with-dsym";
				ENABLE_NS_ASSERTIONS = NO;
				ENABLE_STRICT_OBJC_MSGSEND = YES;
				GCC_C_LANGUAGE_STANDARD = gnu11;
				GCC_NO_COMMON_BLOCKS = YES;
				GCC_WARN_64_TO_32_BIT_CONVERSION = YES;
				GCC_WARN_ABOUT_RETURN_TYPE = YES_ERROR;
				GCC_WARN_UNDECLARED_SELECTOR = YES;
				GCC_WARN_UNINITIALIZED_AUTOS = YES_AGGRESSIVE;
				GCC_WARN_UNUSED_FUNCTION = YES;
				GCC_WARN_UNUSED_VARIABLE = YES;
				IPHONEOS_DEPLOYMENT_TARGET = 10.0;
				MTL_ENABLE_DEBUG_INFO = NO;
				SDKROOT = iphoneos;
				SWIFT_COMPILATION_MODE = wholemodule;
				SWIFT_OPTIMIZATION_LEVEL = "-O";
				VALIDATE_PRODUCT = YES;
			};
			name = Release;
		};
		39AD3BFB20DBB5E80006A21B /* Debug */ = {
			isa = XCBuildConfiguration;
			buildSettings = {
				CLANG_ENABLE_MODULES = YES;
				CODE_SIGN_STYLE = Automatic;
				DEFINES_MODULE = YES;
				DEVELOPMENT_TEAM = XR3G5NDPNH;
				IPHONEOS_DEPLOYMENT_TARGET = 10.0;
				LD_RUNPATH_SEARCH_PATHS = (
					"$(inherited)",
					"@executable_path/Frameworks",
					"@loader_path/Frameworks",
				);
				OTHER_LDFLAGS = "-ObjC";
				PRODUCT_NAME = "$(TARGET_NAME)";
				SKIP_INSTALL = YES;
				SWIFT_OBJC_BRIDGING_HEADER = "SaleMove/SaleMove-Bridging-Header.h";
				SWIFT_OPTIMIZATION_LEVEL = "-Onone";
				SWIFT_VERSION = 4.0;
				TARGETED_DEVICE_FAMILY = "1,2";
			};
			name = Debug;
		};
		39AD3BFC20DBB5E80006A21B /* Release */ = {
			isa = XCBuildConfiguration;
			buildSettings = {
				CLANG_ENABLE_MODULES = YES;
				CODE_SIGN_STYLE = Automatic;
				DEFINES_MODULE = YES;
				DEVELOPMENT_TEAM = XR3G5NDPNH;
				IPHONEOS_DEPLOYMENT_TARGET = 10.0;
				LD_RUNPATH_SEARCH_PATHS = (
					"$(inherited)",
					"@executable_path/Frameworks",
					"@loader_path/Frameworks",
				);
				OTHER_LDFLAGS = "-ObjC";
				PRODUCT_NAME = "$(TARGET_NAME)";
				SKIP_INSTALL = YES;
				SWIFT_OBJC_BRIDGING_HEADER = "SaleMove/SaleMove-Bridging-Header.h";
				SWIFT_VERSION = 4.0;
				TARGETED_DEVICE_FAMILY = "1,2";
			};
			name = Release;
		};
/* End XCBuildConfiguration section */

/* Begin XCConfigurationList section */
		39AD3BEE20DBB5E80006A21B /* Build configuration list for PBXProject "SaleMove" */ = {
			isa = XCConfigurationList;
			buildConfigurations = (
				39AD3BF820DBB5E80006A21B /* Debug */,
				39AD3BF920DBB5E80006A21B /* Release */,
			);
			defaultConfigurationIsVisible = 0;
			defaultConfigurationName = Release;
		};
		39AD3BFA20DBB5E80006A21B /* Build configuration list for PBXNativeTarget "SaleMove" */ = {
			isa = XCConfigurationList;
			buildConfigurations = (
				39AD3BFB20DBB5E80006A21B /* Debug */,
				39AD3BFC20DBB5E80006A21B /* Release */,
			);
			defaultConfigurationIsVisible = 0;
			defaultConfigurationName = Release;
		};
/* End XCConfigurationList section */
	};
	rootObject = 39AD3BEB20DBB5E80006A21B /* Project object */;
}
