PODS:
  - Alamofire (4.7.2)
  - Locksmith (4.0.0)
  - Moya/Core (11.0.2):
    - Alamofire (~> 4.1)
    - Result (~> 3.0)
  - Moya/ReactiveSwift (11.0.2):
    - Moya/Core
    - ReactiveSwift (~> 3.0)
  - ObjectMapper (3.1.0)
  - ReactiveCocoa (7.2.0):
    - ReactiveSwift (~> 3.1)
  - ReactiveSwift (3.1.0):
    - Result (~> 3.2)
  - Result (3.2.4)
  - SalemoveSDK (0.7.9):
    - Locksmith (= 4.0.0)
    - Moya/ReactiveSwift (= 11.0.2)
    - ObjectMapper (= 3.1.0)
    - ReactiveCocoa (= 7.2.0)
    - Socket.IO-Client-Swift (= 9.0.1)
    - SwiftWebSocket (= 2.6.5)
    - SwiftyBeaver (= 1.4.2)
    - WebRTC (= 63.11.20455)
  - Socket.IO-Client-Swift (9.0.1)
  - SwiftWebSocket (2.6.5)
  - SwiftyBeaver (1.4.2)
  - WebRTC (63.11.20455)

DEPENDENCIES:
  - SalemoveSDK (= 0.7.9)

SPEC REPOS:
  "git@github.com:salemove/ios-cocoapods-repo.git":
    - SalemoveSDK
  https://github.com/cocoapods/specs.git:
    - Alamofire
    - Locksmith
    - Moya
    - ObjectMapper
    - ReactiveCocoa
    - ReactiveSwift
    - Result
    - Socket.IO-Client-Swift
    - SwiftWebSocket
    - SwiftyBeaver
    - WebRTC

SPEC CHECKSUMS:
  Alamofire: e4fa87002c137ba2d8d634d2c51fabcda0d5c223
  Locksmith: e9bebbaaa4cee3c511bc358a44f843c3fe00e21f
  Moya: a725035953bc1c0eb1be505ab903984501d82440
  ObjectMapper: 20505058f54e5c3ca69e1d6de9897d152a5369a6
  ReactiveCocoa: 476dae7ca790f40d30d186a1bd7ebae4290395d5
  ReactiveSwift: 5b26d2e988fe0eed2daf48c4054d1de74db50184
  Result: d2d07204ce72856f1fd9130bbe42c35a7b0fea10
  SalemoveSDK: c8779f5cb32828d4e3147e08e26a6965e176c35a
  Socket.IO-Client-Swift: 60b71a684692a312c4aba3ef52f186e0e254e868
  SwiftWebSocket: 1ef8a0efb023544643bdf480c1ec4a62b204f293
  SwiftyBeaver: 91057725648ee4980308f1650af077d04b3654a0
  WebRTC: f2a6203584745fe53532633397557876b5d71640

PODFILE CHECKSUM: 6f4b7a06d26432c3dea3d61758b3c8c26919f6fb

COCOAPODS: 1.5.2
