PODS:
  - Alamofire (4.7.3)
  - Locksmith (4.0.0)
  - Moya/Core (11.0.2):
    - Alamofire (~> 4.1)
    - Result (~> 3.0)
  - Moya/ReactiveSwift (11.0.2):
    - Moya/Core
    - ReactiveSwift (~> 3.0)
  - ObjectMapper (3.3.0)
  - ReactiveCocoa (7.2.0):
    - ReactiveSwift (~> 3.1)
  - ReactiveSwift (3.1.0):
    - Result (~> 3.2)
  - Result (3.2.4)
  - SalemoveSDK (0.7.12):
    - Locksmith (= 4.0.0)
    - Moya/ReactiveSwift (= 11.0.2)
    - ObjectMapper (= 3.3.0)
    - ReactiveCocoa (= 7.2.0)
    - Socket.IO-Client-Swift (= 9.0.1)
    - SwiftWebSocket (= 2.6.5)
    - SwiftyBeaver (= 1.4.2)
    - WebRTC (= 63.11.20455)
  - Socket.IO-Client-Swift (9.0.1)
  - SwiftWebSocket (2.6.5)
  - SwiftyBeaver (1.4.2)
  - WebRTC (63.11.20455)

DEPENDENCIES:
  - SalemoveSDK

SPEC REPOS:
  "git@github.com:salemove/ios-cocoapods-repo.git":
    - SalemoveSDK
  https://github.com/cocoapods/specs.git:
    - Alamofire
    - Locksmith
    - Moya
    - ObjectMapper
    - ReactiveCocoa
    - ReactiveSwift
    - Result
    - Socket.IO-Client-Swift
    - SwiftWebSocket
    - SwiftyBeaver
    - WebRTC

SPEC CHECKSUMS:
  Alamofire: c7287b6e5d7da964a70935e5db17046b7fde6568
  Locksmith: e9bebbaaa4cee3c511bc358a44f843c3fe00e21f
  Moya: a725035953bc1c0eb1be505ab903984501d82440
  ObjectMapper: b612bf8c8e99c4dc0bb6013a51f7c27966ed5da9
  ReactiveCocoa: 476dae7ca790f40d30d186a1bd7ebae4290395d5
  ReactiveSwift: 5b26d2e988fe0eed2daf48c4054d1de74db50184
  Result: d2d07204ce72856f1fd9130bbe42c35a7b0fea10
  SalemoveSDK: d37ecd79666ec84dea5da04c5a12cea395fb14cf
  Socket.IO-Client-Swift: 60b71a684692a312c4aba3ef52f186e0e254e868
  SwiftWebSocket: 1ef8a0efb023544643bdf480c1ec4a62b204f293
  SwiftyBeaver: 91057725648ee4980308f1650af077d04b3654a0
  WebRTC: f2a6203584745fe53532633397557876b5d71640

PODFILE CHECKSUM: 0e87a9bb82822e24b5ddc479ebad43e8fa0d013d

COCOAPODS: 1.5.3
